
Microsoft Visual Studio Solution File, Format Version 12.00
# Visual Studio Version 16
VisualStudioVersion = 16.0.30011.22
MinimumVisualStudioVersion = 10.0.40219.1
Project("{FAE04EC0-301F-11D3-BF4B-00C04F79EFBC}") = "SGCC-API", "SGCC-API\SGCC-API.csproj", "{28313BA4-0687-4C19-9FB2-AD2D930138F9}"
EndProject
Global
	GlobalSection(SolutionConfigurationPlatforms) = preSolution
		Debug|Any CPU = Debug|Any CPU
		Release|Any CPU = Release|Any CPU
	EndGlobalSection
	GlobalSection(ProjectConfigurationPlatforms) = postSolution
		{28313BA4-0687-4C19-9FB2-AD2D930138F9}.Debug|Any CPU.ActiveCfg = Debug|Any CPU
		{28313BA4-0687-4C19-9FB2-AD2D930138F9}.Debug|Any CPU.Build.0 = Debug|Any CPU
		{28313BA4-0687-4C19-9FB2-AD2D930138F9}.Release|Any CPU.ActiveCfg = Release|Any CPU
		{28313BA4-0687-4C19-9FB2-AD2D930138F9}.Release|Any CPU.Build.0 = Release|Any CPU
	EndGlobalSection
	GlobalSection(SolutionProperties) = preSolution
		HideSolutionNode = FALSE
	EndGlobalSection
	GlobalSection(ExtensibilityGlobals) = postSolution
		SolutionGuid = {290C4EBB-BFC2-44D0-A255-2B65F8FD9E72}
	EndGlobalSection
EndGlobal
